
Microsoft Visual Studio Solution File, Format Version 12.00
# Visual Studio Version 17
VisualStudioVersion = 17.0.31903.59
MinimumVisualStudioVersion = 10.0.40219.1
Project("{2150E333-8FDC-42A3-9474-1A3956D46DE8}") = "src", "src", "{827E0CD3-B72D-47B6-A68D-7590B98EB39B}"
EndProject
Project("{2150E333-8FDC-42A3-9474-1A3956D46DE8}") = "Api", "Api", "{81034408-37C8-1011-444E-4C15C2FADA8E}"
EndProject
Project("{FAE04EC0-301F-11D3-BF4B-00C04F79EFBC}") = "OsuStocks.Api", "src\Api\OsuStocks.Api.csproj", "{97FC920F-0F25-49FD-873F-B0C88DE2C9E2}"
EndProject
Project("{2150E333-8FDC-42A3-9474-1A3956D46DE8}") = "Application", "Application", "{22BAF98C-8415-17C4-B26A-D537657BC863}"
EndProject
Project("{FAE04EC0-301F-11D3-BF4B-00C04F79EFBC}") = "OsuStocks.Application", "src\Application\OsuStocks.Application.csproj", "{98A27404-4A6B-423D-AFC1-4A5269D5A152}"
EndProject
Project("{2150E333-8FDC-42A3-9474-1A3956D46DE8}") = "Domain", "Domain", "{8B290487-4C16-E85E-E807-F579CBE9FC4D}"
EndProject
Project("{FAE04EC0-301F-11D3-BF4B-00C04F79EFBC}") = "OsuStocks.Domain", "src\Domain\OsuStocks.Domain.csproj", "{C80F4D92-E808-40F4-8058-580ACE924C59}"
EndProject
Project("{2150E333-8FDC-42A3-9474-1A3956D46DE8}") = "Infrastructure", "Infrastructure", "{9048EB7F-3875-A59E-E36B-5BD4C6F2A282}"
EndProject
Project("{FAE04EC0-301F-11D3-BF4B-00C04F79EFBC}") = "OsuStocks.Infrastructure", "src\Infrastructure\OsuStocks.Infrastructure.csproj", "{5309ED38-E02E-4B63-8ADE-5B030B575C56}"
EndProject
Project("{2150E333-8FDC-42A3-9474-1A3956D46DE8}") = "Worker", "Worker", "{89BA21D6-604E-9DA1-5F6C-9062FD58212E}"
EndProject
Project("{FAE04EC0-301F-11D3-BF4B-00C04F79EFBC}") = "OsuStocks.Worker", "src\Worker\OsuStocks.Worker.csproj", "{5AE25B2B-BE3A-41A0-ABE2-C9D49001E96D}"
EndProject
Project("{2150E333-8FDC-42A3-9474-1A3956D46DE8}") = "Shared", "Shared", "{C8E42992-5E42-0C2B-DBFE-AA848D06431C}"
EndProject
Project("{FAE04EC0-301F-11D3-BF4B-00C04F79EFBC}") = "OsuStocks.Shared", "src\Shared\OsuStocks.Shared.csproj", "{9366C1FE-ACA8-4E2B-A875-B05622D42D0A}"
EndProject
Project("{2150E333-8FDC-42A3-9474-1A3956D46DE8}") = "tests", "tests", "{0AB3BF05-4346-4AA6-1389-037BE0695223}"
EndProject
Project("{FAE04EC0-301F-11D3-BF4B-00C04F79EFBC}") = "OsuStocks.Api.IntegrationTests", "tests\OsuStocks.Api.IntegrationTests\OsuStocks.Api.IntegrationTests.csproj", "{5C8E4949-1E2E-4EFD-B980-AD44E39DF999}"
EndProject
Global
	GlobalSection(SolutionConfigurationPlatforms) = preSolution
		Debug|Any CPU = Debug|Any CPU
		Debug|x64 = Debug|x64
		Debug|x86 = Debug|x86
		Release|Any CPU = Release|Any CPU
		Release|x64 = Release|x64
		Release|x86 = Release|x86
	EndGlobalSection
	GlobalSection(ProjectConfigurationPlatforms) = postSolution
		{97FC920F-0F25-49FD-873F-B0C88DE2C9E2}.Debug|Any CPU.ActiveCfg = Debug|Any CPU
		{97FC920F-0F25-49FD-873F-B0C88DE2C9E2}.Debug|Any CPU.Build.0 = Debug|Any CPU
		{97FC920F-0F25-49FD-873F-B0C88DE2C9E2}.Debug|x64.ActiveCfg = Debug|Any CPU
		{97FC920F-0F25-49FD-873F-B0C88DE2C9E2}.Debug|x64.Build.0 = Debug|Any CPU
		{97FC920F-0F25-49FD-873F-B0C88DE2C9E2}.Debug|x86.ActiveCfg = Debug|Any CPU
		{97FC920F-0F25-49FD-873F-B0C88DE2C9E2}.Debug|x86.Build.0 = Debug|Any CPU
		{97FC920F-0F25-49FD-873F-B0C88DE2C9E2}.Release|Any CPU.ActiveCfg = Release|Any CPU
		{97FC920F-0F25-49FD-873F-B0C88DE2C9E2}.Release|Any CPU.Build.0 = Release|Any CPU
		{97FC920F-0F25-49FD-873F-B0C88DE2C9E2}.Release|x64.ActiveCfg = Release|Any CPU
		{97FC920F-0F25-49FD-873F-B0C88DE2C9E2}.Release|x64.Build.0 = Release|Any CPU
		{97FC920F-0F25-49FD-873F-B0C88DE2C9E2}.Release|x86.ActiveCfg = Release|Any CPU
		{97FC920F-0F25-49FD-873F-B0C88DE2C9E2}.Release|x86.Build.0 = Release|Any CPU
		{98A27404-4A6B-423D-AFC1-4A5269D5A152}.Debug|Any CPU.ActiveCfg = Debug|Any CPU
		{98A27404-4A6B-423D-AFC1-4A5269D5A152}.Debug|Any CPU.Build.0 = Debug|Any CPU
		{98A27404-4A6B-423D-AFC1-4A5269D5A152}.Debug|x64.ActiveCfg = Debug|Any CPU
		{98A27404-4A6B-423D-AFC1-4A5269D5A152}.Debug|x64.Build.0 = Debug|Any CPU
		{98A27404-4A6B-423D-AFC1-4A5269D5A152}.Debug|x86.ActiveCfg = Debug|Any CPU
		{98A27404-4A6B-423D-AFC1-4A5269D5A152}.Debug|x86.Build.0 = Debug|Any CPU
		{98A27404-4A6B-423D-AFC1-4A5269D5A152}.Release|Any CPU.ActiveCfg = Release|Any CPU
		{98A27404-4A6B-423D-AFC1-4A5269D5A152}.Release|Any CPU.Build.0 = Release|Any CPU
		{98A27404-4A6B-423D-AFC1-4A5269D5A152}.Release|x64.ActiveCfg = Release|Any CPU
		{98A27404-4A6B-423D-AFC1-4A5269D5A152}.Release|x64.Build.0 = Release|Any CPU
		{98A27404-4A6B-423D-AFC1-4A5269D5A152}.Release|x86.ActiveCfg = Release|Any CPU
		{98A27404-4A6B-423D-AFC1-4A5269D5A152}.Release|x86.Build.0 = Release|Any CPU
		{C80F4D92-E808-40F4-8058-580ACE924C59}.Debug|Any CPU.ActiveCfg = Debug|Any CPU
		{C80F4D92-E808-40F4-8058-580ACE924C59}.Debug|Any CPU.Build.0 = Debug|Any CPU
		{C80F4D92-E808-40F4-8058-580ACE924C59}.Debug|x64.ActiveCfg = Debug|Any CPU
		{C80F4D92-E808-40F4-8058-580ACE924C59}.Debug|x64.Build.0 = Debug|Any CPU
		{C80F4D92-E808-40F4-8058-580ACE924C59}.Debug|x86.ActiveCfg = Debug|Any CPU
		{C80F4D92-E808-40F4-8058-580ACE924C59}.Debug|x86.Build.0 = Debug|Any CPU
		{C80F4D92-E808-40F4-8058-580ACE924C59}.Release|Any CPU.ActiveCfg = Release|Any CPU
		{C80F4D92-E808-40F4-8058-580ACE924C59}.Release|Any CPU.Build.0 = Release|Any CPU
		{C80F4D92-E808-40F4-8058-580ACE924C59}.Release|x64.ActiveCfg = Release|Any CPU
		{C80F4D92-E808-40F4-8058-580ACE924C59}.Release|x64.Build.0 = Release|Any CPU
		{C80F4D92-E808-40F4-8058-580ACE924C59}.Release|x86.ActiveCfg = Release|Any CPU
		{C80F4D92-E808-40F4-8058-580ACE924C59}.Release|x86.Build.0 = Release|Any CPU
		{5309ED38-E02E-4B63-8ADE-5B030B575C56}.Debug|Any CPU.ActiveCfg = Debug|Any CPU
		{5309ED38-E02E-4B63-8ADE-5B030B575C56}.Debug|Any CPU.Build.0 = Debug|Any CPU
		{5309ED38-E02E-4B63-8ADE-5B030B575C56}.Debug|x64.ActiveCfg = Debug|Any CPU
		{5309ED38-E02E-4B63-8ADE-5B030B575C56}.Debug|x64.Build.0 = Debug|Any CPU
		{5309ED38-E02E-4B63-8ADE-5B030B575C56}.Debug|x86.ActiveCfg = Debug|Any CPU
		{5309ED38-E02E-4B63-8ADE-5B030B575C56}.Debug|x86.Build.0 = Debug|Any CPU
		{5309ED38-E02E-4B63-8ADE-5B030B575C56}.Release|Any CPU.ActiveCfg = Release|Any CPU
		{5309ED38-E02E-4B63-8ADE-5B030B575C56}.Release|Any CPU.Build.0 = Release|Any CPU
		{5309ED38-E02E-4B63-8ADE-5B030B575C56}.Release|x64.ActiveCfg = Release|Any CPU
		{5309ED38-E02E-4B63-8ADE-5B030B575C56}.Release|x64.Build.0 = Release|Any CPU
		{5309ED38-E02E-4B63-8ADE-5B030B575C56}.Release|x86.ActiveCfg = Release|Any CPU
		{5309ED38-E02E-4B63-8ADE-5B030B575C56}.Release|x86.Build.0 = Release|Any CPU
		{5AE25B2B-BE3A-41A0-ABE2-C9D49001E96D}.Debug|Any CPU.ActiveCfg = Debug|Any CPU
		{5AE25B2B-BE3A-41A0-ABE2-C9D49001E96D}.Debug|Any CPU.Build.0 = Debug|Any CPU
		{5AE25B2B-BE3A-41A0-ABE2-C9D49001E96D}.Debug|x64.ActiveCfg = Debug|Any CPU
		{5AE25B2B-BE3A-41A0-ABE2-C9D49001E96D}.Debug|x64.Build.0 = Debug|Any CPU
		{5AE25B2B-BE3A-41A0-ABE2-C9D49001E96D}.Debug|x86.ActiveCfg = Debug|Any CPU
		{5AE25B2B-BE3A-41A0-ABE2-C9D49001E96D}.Debug|x86.Build.0 = Debug|Any CPU
		{5AE25B2B-BE3A-41A0-ABE2-C9D49001E96D}.Release|Any CPU.ActiveCfg = Release|Any CPU
		{5AE25B2B-BE3A-41A0-ABE2-C9D49001E96D}.Release|Any CPU.Build.0 = Release|Any CPU
		{5AE25B2B-BE3A-41A0-ABE2-C9D49001E96D}.Release|x64.ActiveCfg = Release|Any CPU
		{5AE25B2B-BE3A-41A0-ABE2-C9D49001E96D}.Release|x64.Build.0 = Release|Any CPU
		{5AE25B2B-BE3A-41A0-ABE2-C9D49001E96D}.Release|x86.ActiveCfg = Release|Any CPU
		{5AE25B2B-BE3A-41A0-ABE2-C9D49001E96D}.Release|x86.Build.0 = Release|Any CPU
		{9366C1FE-ACA8-4E2B-A875-B05622D42D0A}.Debug|Any CPU.ActiveCfg = Debug|Any CPU
		{9366C1FE-ACA8-4E2B-A875-B05622D42D0A}.Debug|Any CPU.Build.0 = Debug|Any CPU
		{9366C1FE-ACA8-4E2B-A875-B05622D42D0A}.Debug|x64.ActiveCfg = Debug|Any CPU
		{9366C1FE-ACA8-4E2B-A875-B05622D42D0A}.Debug|x64.Build.0 = Debug|Any CPU
		{9366C1FE-ACA8-4E2B-A875-B05622D42D0A}.Debug|x86.ActiveCfg = Debug|Any CPU
		{9366C1FE-ACA8-4E2B-A875-B05622D42D0A}.Debug|x86.Build.0 = Debug|Any CPU
		{9366C1FE-ACA8-4E2B-A875-B05622D42D0A}.Release|Any CPU.ActiveCfg = Release|Any CPU
		{9366C1FE-ACA8-4E2B-A875-B05622D42D0A}.Release|Any CPU.Build.0 = Release|Any CPU
		{9366C1FE-ACA8-4E2B-A875-B05622D42D0A}.Release|x64.ActiveCfg = Release|Any CPU
		{9366C1FE-ACA8-4E2B-A875-B05622D42D0A}.Release|x64.Build.0 = Release|Any CPU
		{9366C1FE-ACA8-4E2B-A875-B05622D42D0A}.Release|x86.ActiveCfg = Release|Any CPU
		{9366C1FE-ACA8-4E2B-A875-B05622D42D0A}.Release|x86.Build.0 = Release|Any CPU
		{5C8E4949-1E2E-4EFD-B980-AD44E39DF999}.Debug|Any CPU.ActiveCfg = Debug|Any CPU
		{5C8E4949-1E2E-4EFD-B980-AD44E39DF999}.Debug|Any CPU.Build.0 = Debug|Any CPU
		{5C8E4949-1E2E-4EFD-B980-AD44E39DF999}.Debug|x64.ActiveCfg = Debug|Any CPU
		{5C8E4949-1E2E-4EFD-B980-AD44E39DF999}.Debug|x64.Build.0 = Debug|Any CPU
		{5C8E4949-1E2E-4EFD-B980-AD44E39DF999}.Debug|x86.ActiveCfg = Debug|Any CPU
		{5C8E4949-1E2E-4EFD-B980-AD44E39DF999}.Debug|x86.Build.0 = Debug|Any CPU
		{5C8E4949-1E2E-4EFD-B980-AD44E39DF999}.Release|Any CPU.ActiveCfg = Release|Any CPU
		{5C8E4949-1E2E-4EFD-B980-AD44E39DF999}.Release|Any CPU.Build.0 = Release|Any CPU
		{5C8E4949-1E2E-4EFD-B980-AD44E39DF999}.Release|x64.ActiveCfg = Release|Any CPU
		{5C8E4949-1E2E-4EFD-B980-AD44E39DF999}.Release|x64.Build.0 = Release|Any CPU
		{5C8E4949-1E2E-4EFD-B980-AD44E39DF999}.Release|x86.ActiveCfg = Release|Any CPU
		{5C8E4949-1E2E-4EFD-B980-AD44E39DF999}.Release|x86.Build.0 = Release|Any CPU
	EndGlobalSection
	GlobalSection(SolutionProperties) = preSolution
		HideSolutionNode = FALSE
	EndGlobalSection
	GlobalSection(NestedProjects) = preSolution
		{81034408-37C8-1011-444E-4C15C2FADA8E} = {827E0CD3-B72D-47B6-A68D-7590B98EB39B}
		{97FC920F-0F25-49FD-873F-B0C88DE2C9E2} = {81034408-37C8-1011-444E-4C15C2FADA8E}
		{22BAF98C-8415-17C4-B26A-D537657BC863} = {827E0CD3-B72D-47B6-A68D-7590B98EB39B}
		{98A27404-4A6B-423D-AFC1-4A5269D5A152} = {22BAF98C-8415-17C4-B26A-D537657BC863}
		{8B290487-4C16-E85E-E807-F579CBE9FC4D} = {827E0CD3-B72D-47B6-A68D-7590B98EB39B}
		{C80F4D92-E808-40F4-8058-580ACE924C59} = {8B290487-4C16-E85E-E807-F579CBE9FC4D}
		{9048EB7F-3875-A59E-E36B-5BD4C6F2A282} = {827E0CD3-B72D-47B6-A68D-7590B98EB39B}
		{5309ED38-E02E-4B63-8ADE-5B030B575C56} = {9048EB7F-3875-A59E-E36B-5BD4C6F2A282}
		{89BA21D6-604E-9DA1-5F6C-9062FD58212E} = {827E0CD3-B72D-47B6-A68D-7590B98EB39B}
		{5AE25B2B-BE3A-41A0-ABE2-C9D49001E96D} = {89BA21D6-604E-9DA1-5F6C-9062FD58212E}
		{C8E42992-5E42-0C2B-DBFE-AA848D06431C} = {827E0CD3-B72D-47B6-A68D-7590B98EB39B}
		{9366C1FE-ACA8-4E2B-A875-B05622D42D0A} = {C8E42992-5E42-0C2B-DBFE-AA848D06431C}
		{5C8E4949-1E2E-4EFD-B980-AD44E39DF999} = {0AB3BF05-4346-4AA6-1389-037BE0695223}
	EndGlobalSection
EndGlobal
